
Microsoft Visual Studio Solution File, Format Version 12.00
# Visual Studio Version 17
VisualStudioVersion = 17.6.33815.320
MinimumVisualStudioVersion = 10.0.40219.1
Project("{FAE04EC0-301F-11D3-BF4B-00C04F79EFBC}") = "Proje.UI", "Proje.UI\Proje.UI.csproj", "{FA08913B-C460-4C46-9314-4937C7EFA76D}"
EndProject
Project("{FAE04EC0-301F-11D3-BF4B-00C04F79EFBC}") = "Proje.DATA", "Proje.DATA\Proje.DATA.csproj", "{C90C2216-20AC-44EF-A9B0-11848AA9E742}"
EndProject
Project("{FAE04EC0-301F-11D3-BF4B-00C04F79EFBC}") = "Proje.DAL", "Proje.DAL\Proje.DAL.csproj", "{A80EA0D7-9818-4D77-8BD9-2C1D5F6CA034}"
EndProject
Project("{FAE04EC0-301F-11D3-BF4B-00C04F79EFBC}") = "Proje.BLL", "Proje.BLL\Proje.BLL.csproj", "{B8FE6BC6-062D-425E-9FE8-FC5257752B3B}"
EndProject
Global
	GlobalSection(SolutionConfigurationPlatforms) = preSolution
		Debug|Any CPU = Debug|Any CPU
		Release|Any CPU = Release|Any CPU
	EndGlobalSection
	GlobalSection(ProjectConfigurationPlatforms) = postSolution
		{FA08913B-C460-4C46-9314-4937C7EFA76D}.Debug|Any CPU.ActiveCfg = Debug|Any CPU
		{FA08913B-C460-4C46-9314-4937C7EFA76D}.Debug|Any CPU.Build.0 = Debug|Any CPU
		{FA08913B-C460-4C46-9314-4937C7EFA76D}.Release|Any CPU.ActiveCfg = Release|Any CPU
		{FA08913B-C460-4C46-9314-4937C7EFA76D}.Release|Any CPU.Build.0 = Release|Any CPU
		{C90C2216-20AC-44EF-A9B0-11848AA9E742}.Debug|Any CPU.ActiveCfg = Debug|Any CPU
		{C90C2216-20AC-44EF-A9B0-11848AA9E742}.Debug|Any CPU.Build.0 = Debug|Any CPU
		{C90C2216-20AC-44EF-A9B0-11848AA9E742}.Release|Any CPU.ActiveCfg = Release|Any CPU
		{C90C2216-20AC-44EF-A9B0-11848AA9E742}.Release|Any CPU.Build.0 = Release|Any CPU
		{A80EA0D7-9818-4D77-8BD9-2C1D5F6CA034}.Debug|Any CPU.ActiveCfg = Debug|Any CPU
		{A80EA0D7-9818-4D77-8BD9-2C1D5F6CA034}.Debug|Any CPU.Build.0 = Debug|Any CPU
		{A80EA0D7-9818-4D77-8BD9-2C1D5F6CA034}.Release|Any CPU.ActiveCfg = Release|Any CPU
		{A80EA0D7-9818-4D77-8BD9-2C1D5F6CA034}.Release|Any CPU.Build.0 = Release|Any CPU
		{B8FE6BC6-062D-425E-9FE8-FC5257752B3B}.Debug|Any CPU.ActiveCfg = Debug|Any CPU
		{B8FE6BC6-062D-425E-9FE8-FC5257752B3B}.Debug|Any CPU.Build.0 = Debug|Any CPU
		{B8FE6BC6-062D-425E-9FE8-FC5257752B3B}.Release|Any CPU.ActiveCfg = Release|Any CPU
		{B8FE6BC6-062D-425E-9FE8-FC5257752B3B}.Release|Any CPU.Build.0 = Release|Any CPU
	EndGlobalSection
	GlobalSection(SolutionProperties) = preSolution
		HideSolutionNode = FALSE
	EndGlobalSection
	GlobalSection(ExtensibilityGlobals) = postSolution
		SolutionGuid = {EE2AA26D-F699-416C-9A1F-A18FD639AF4D}
	EndGlobalSection
EndGlobal
